
Microsoft Visual Studio Solution File, Format Version 12.00
# Visual Studio Version 18
VisualStudioVersion = 18.5.11605.296 insiders
MinimumVisualStudioVersion = 10.0.40219.1
Project("{FAE04EC0-301F-11D3-BF4B-00C04F79EFBC}") = "OnlineBazar", "OnlineBazar.csproj", "{B6171944-79E5-E95C-A74E-FDEFC1602DCC}"
EndProject
Global
	GlobalSection(SolutionConfigurationPlatforms) = preSolution
		Debug|Any CPU = Debug|Any CPU
		Release|Any CPU = Release|Any CPU
	EndGlobalSection
	GlobalSection(ProjectConfigurationPlatforms) = postSolution
		{B6171944-79E5-E95C-A74E-FDEFC1602DCC}.Debug|Any CPU.ActiveCfg = Debug|Any CPU
		{B6171944-79E5-E95C-A74E-FDEFC1602DCC}.Debug|Any CPU.Build.0 = Debug|Any CPU
		{B6171944-79E5-E95C-A74E-FDEFC1602DCC}.Release|Any CPU.ActiveCfg = Release|Any CPU
		{B6171944-79E5-E95C-A74E-FDEFC1602DCC}.Release|Any CPU.Build.0 = Release|Any CPU
	EndGlobalSection
	GlobalSection(SolutionProperties) = preSolution
		HideSolutionNode = FALSE
	EndGlobalSection
	GlobalSection(ExtensibilityGlobals) = postSolution
		SolutionGuid = {25227C14-836A-484A-A322-CC0C2512399F}
	EndGlobalSection
EndGlobal
